
Microsoft Visual Studio Solution File, Format Version 12.00
# Visual Studio 15
VisualStudioVersion = 15.0.26430.6
MinimumVisualStudioVersion = 10.0.40219.1
Project("{FAE04EC0-301F-11D3-BF4B-00C04F79EFBC}") = "Framework", "Framework\Framework.csproj", "{BE6848BE-FAFF-4E77-B8AA-5AE2EC288011}"
EndProject
Project("{FAE04EC0-301F-11D3-BF4B-00C04F79EFBC}") = "IntervTests", "IntervTests\IntervTests.csproj", "{F9AA9BFE-8125-413A-844B-BBA8ED4BE76F}"
EndProject
Global
	GlobalSection(SolutionConfigurationPlatforms) = preSolution
		Debug|Any CPU = Debug|Any CPU
		Release|Any CPU = Release|Any CPU
	EndGlobalSection
	GlobalSection(ProjectConfigurationPlatforms) = postSolution
		{BE6848BE-FAFF-4E77-B8AA-5AE2EC288011}.Debug|Any CPU.ActiveCfg = Debug|Any CPU
		{BE6848BE-FAFF-4E77-B8AA-5AE2EC288011}.Debug|Any CPU.Build.0 = Debug|Any CPU
		{BE6848BE-FAFF-4E77-B8AA-5AE2EC288011}.Release|Any CPU.ActiveCfg = Release|Any CPU
		{BE6848BE-FAFF-4E77-B8AA-5AE2EC288011}.Release|Any CPU.Build.0 = Release|Any CPU
		{F9AA9BFE-8125-413A-844B-BBA8ED4BE76F}.Debug|Any CPU.ActiveCfg = Debug|Any CPU
		{F9AA9BFE-8125-413A-844B-BBA8ED4BE76F}.Debug|Any CPU.Build.0 = Debug|Any CPU
		{F9AA9BFE-8125-413A-844B-BBA8ED4BE76F}.Release|Any CPU.ActiveCfg = Release|Any CPU
		{F9AA9BFE-8125-413A-844B-BBA8ED4BE76F}.Release|Any CPU.Build.0 = Release|Any CPU
	EndGlobalSection
	GlobalSection(SolutionProperties) = preSolution
		HideSolutionNode = FALSE
	EndGlobalSection
EndGlobal
